
Microsoft Visual Studio Solution File, Format Version 12.00
# Visual Studio Version 16
VisualStudioVersion = 16.0.29306.81
MinimumVisualStudioVersion = 10.0.40219.1
Project("{FAE04EC0-301F-11D3-BF4B-00C04F79EFBC}") = "ToHDrag", "ToHDrag\ToHDrag.csproj", "{EA92C9C9-5F46-4949-9979-52FF3140BFA7}"
EndProject
Global
	GlobalSection(SolutionConfigurationPlatforms) = preSolution
		Debug|Any CPU = Debug|Any CPU
		Release|Any CPU = Release|Any CPU
	EndGlobalSection
	GlobalSection(ProjectConfigurationPlatforms) = postSolution
		{EA92C9C9-5F46-4949-9979-52FF3140BFA7}.Debug|Any CPU.ActiveCfg = Debug|Any CPU
		{EA92C9C9-5F46-4949-9979-52FF3140BFA7}.Debug|Any CPU.Build.0 = Debug|Any CPU
		{EA92C9C9-5F46-4949-9979-52FF3140BFA7}.Release|Any CPU.ActiveCfg = Release|Any CPU
		{EA92C9C9-5F46-4949-9979-52FF3140BFA7}.Release|Any CPU.Build.0 = Release|Any CPU
	EndGlobalSection
	GlobalSection(SolutionProperties) = preSolution
		HideSolutionNode = FALSE
	EndGlobalSection
	GlobalSection(ExtensibilityGlobals) = postSolution
		SolutionGuid = {6A499312-9E33-4DF5-9131-29F650B99BA8}
	EndGlobalSection
EndGlobal
